// !$*UTF8*$!
{
	archiveVersion = 1;
	classes = {
	};
	objectVersion = 50;
	objects = {

/* Begin PBXBuildFile section */
		1FD7A38B22DE2FDA0068B095 /* AppDelegate.swift in Sources */ = {isa = PBXBuildFile; fileRef = 1FD7A38A22DE2FDA0068B095 /* AppDelegate.swift */; };
		1FD7A38D22DE2FDA0068B095 /* SceneDelegate.swift in Sources */ = {isa = PBXBuildFile; fileRef = 1FD7A38C22DE2FDA0068B095 /* SceneDelegate.swift */; };
		1FD7A38F22DE2FDA0068B095 /* ContentView.swift in Sources */ = {isa = PBXBuildFile; fileRef = 1FD7A38E22DE2FDA0068B095 /* ContentView.swift */; };
		1FD7A39122DE2FE10068B095 /* Assets.xcassets in Resources */ = {isa = PBXBuildFile; fileRef = 1FD7A39022DE2FE10068B095 /* Assets.xcassets */; };
		1FD7A39422DE2FE10068B095 /* Preview Assets.xcassets in Resources */ = {isa = PBXBuildFile; fileRef = 1FD7A39322DE2FE10068B095 /* Preview Assets.xcassets */; };
		1FD7A39722DE2FE10068B095 /* LaunchScreen.storyboard in Resources */ = {isa = PBXBuildFile; fileRef = 1FD7A39522DE2FE10068B095 /* LaunchScreen.storyboard */; };
/* End PBXBuildFile section */

/* Begin PBXFileReference section */
		1FD7A38722DE2FDA0068B095 /* EmployeeScheduleRequest.app */ = {isa = PBXFileReference; explicitFileType = wrapper.application; includeInIndex = 0; path = EmployeeScheduleRequest.app; sourceTree = BUILT_PRODUCTS_DIR; };
		1FD7A38A22DE2FDA0068B095 /* AppDelegate.swift */ = {isa = PBXFileReference; lastKnownFileType = sourcecode.swift; path = AppDelegate.swift; sourceTree = "<group>"; };
		1FD7A38C22DE2FDA0068B095 /* SceneDelegate.swift */ = {isa = PBXFileReference; lastKnownFileType = sourcecode.swift; path = SceneDelegate.swift; sourceTree = "<group>"; };
		1FD7A38E22DE2FDA0068B095 /* ContentView.swift */ = {isa = PBXFileReference; lastKnownFileType = sourcecode.swift; path = ContentView.swift; sourceTree = "<group>"; };
		1FD7A39022DE2FE10068B095 /* Assets.xcassets */ = {isa = PBXFileReference; lastKnownFileType = folder.assetcatalog; path = Assets.xcassets; sourceTree = "<group>"; };
		1FD7A39322DE2FE10068B095 /* Preview Assets.xcassets */ = {isa = PBXFileReference; lastKnownFileType = folder.assetcatalog; path = "Preview Assets.xcassets"; sourceTree = "<group>"; };
		1FD7A39622DE2FE10068B095 /* Base */ = {isa = PBXFileReference; lastKnownFileType = file.storyboard; name = Base; path = Base.lproj/LaunchScreen.storyboard; sourceTree = "<group>"; };
		1FD7A39822DE2FE10068B095 /* Info.plist */ = {isa = PBXFileReference; lastKnownFileType = text.plist.xml; path = Info.plist; sourceTree = "<group>"; };
/* End PBXFileReference section */

/* Begin PBXFrameworksBuildPhase section */
		1FD7A38422DE2FDA0068B095 /* Frameworks */ = {
			isa = PBXFrameworksBuildPhase;
			buildActionMask = 2147483647;
			files = (
			);
			runOnlyForDeploymentPostprocessing = 0;
		};
/* End PBXFrameworksBuildPhase section */

/* Begin PBXGroup section */
		1FD7A37E22DE2FDA0068B095 = {
			isa = PBXGroup;
			children = (
				1FD7A38922DE2FDA0068B095 /* EmployeeScheduleRequest */,
				1FD7A38822DE2FDA0068B095 /* Products */,
			);
			sourceTree = "<group>";
		};
		1FD7A38822DE2FDA0068B095 /* Products */ = {
			isa = PBXGroup;
			children = (
				1FD7A38722DE2FDA0068B095 /* EmployeeScheduleRequest.app */,
			);
			name = Products;
			sourceTree = "<group>";
		};
		1FD7A38922DE2FDA0068B095 /* EmployeeScheduleRequest */ = {
			isa = PBXGroup;
			children = (
				1FD7A38A22DE2FDA0068B095 /* AppDelegate.swift */,
				1FD7A38C22DE2FDA0068B095 /* SceneDelegate.swift */,
				1FD7A38E22DE2FDA0068B095 /* ContentView.swift */,
				1FD7A39022DE2FE10068B095 /* Assets.xcassets */,
				1FD7A39522DE2FE10068B095 /* LaunchScreen.storyboard */,
				1FD7A39822DE2FE10068B095 /* Info.plist */,
				1FD7A39222DE2FE10068B095 /* Preview Content */,
			);
			path = EmployeeScheduleRequest;
			sourceTree = "<group>";
		};
		1FD7A39222DE2FE10068B095 /* Preview Content */ = {
			isa = PBXGroup;
			children = (
				1FD7A39322DE2FE10068B095 /* Preview Assets.xcassets */,
			);
			path = "Preview Content";
			sourceTree = "<group>";
		};
/* End PBXGroup section */

/* Begin PBXNativeTarget section */
		1FD7A38622DE2FDA0068B095 /* EmployeeScheduleRequest */ = {
			isa = PBXNativeTarget;
			buildConfigurationList = 1FD7A39B22DE2FE10068B095 /* Build configuration list for PBXNativeTarget "EmployeeScheduleRequest" */;
			buildPhases = (
				1FD7A38322DE2FDA0068B095 /* Sources */,
				1FD7A38422DE2FDA0068B095 /* Frameworks */,
				1FD7A38522DE2FDA0068B095 /* Resources */,
			);
			buildRules = (
			);
			dependencies = (
			);
			name = EmployeeScheduleRequest;
			productName = EmployeeScheduleRequest;
			productReference = 1FD7A38722DE2FDA0068B095 /* EmployeeScheduleRequest.app */;
			productType = "com.apple.product-type.application";
		};
/* End PBXNativeTarget section */

/* Begin PBXProject section */
		1FD7A37F22DE2FDA0068B095 /* Project object */ = {
			isa = PBXProject;
			attributes = {
				LastSwiftUpdateCheck = 1100;
				LastUpgradeCheck = 1100;
				ORGANIZATIONNAME = "Jeffery Elton";
				TargetAttributes = {
					1FD7A38622DE2FDA0068B095 = {
						CreatedOnToolsVersion = 11.0;
					};
				};
			};
			buildConfigurationList = 1FD7A38222DE2FDA0068B095 /* Build configuration list for PBXProject "EmployeeScheduleRequest" */;
			compatibilityVersion = "Xcode 9.3";
			developmentRegion = en;
			hasScannedForEncodings = 0;
			knownRegions = (
				en,
				Base,
			);
			mainGroup = 1FD7A37E22DE2FDA0068B095;
			productRefGroup = 1FD7A38822DE2FDA0068B095 /* Products */;
			projectDirPath = "";
			projectRoot = "";
			targets = (
				1FD7A38622DE2FDA0068B095 /* EmployeeScheduleRequest */,
			);
		};
/* End PBXProject section */

/* Begin PBXResourcesBuildPhase section */
		1FD7A38522DE2FDA0068B095 /* Resources */ = {
			isa = PBXResourcesBuildPhase;
			buildActionMask = 2147483647;
			files = (
				1FD7A39722DE2FE10068B095 /* LaunchScreen.storyboard in Resources */,
				1FD7A39422DE2FE10068B095 /* Preview Assets.xcassets in Resources */,
				1FD7A39122DE2FE10068B095 /* Assets.xcassets in Resources */,
			);
			runOnlyForDeploymentPostprocessing = 0;
		};
/* End PBXResourcesBuildPhase section */

/* Begin PBXSourcesBuildPhase section */
		1FD7A38322DE2FDA0068B095 /* Sources */ = {
			isa = PBXSourcesBuildPhase;
			buildActionMask = 2147483647;
			files = (
				1FD7A38B22DE2FDA0068B095 /* AppDelegate.swift in Sources */,
				1FD7A38D22DE2FDA0068B095 /* SceneDelegate.swift in Sources */,
				1FD7A38F22DE2FDA0068B095 /* ContentView.swift in Sources */,
			);
			runOnlyForDeploymentPostprocessing = 0;
		};
/* End PBXSourcesBuildPhase section */

/* Begin PBXVariantGroup section */
		1FD7A39522DE2FE10068B095 /* LaunchScreen.storyboard */ = {
			isa = PBXVariantGroup;
			children = (
				1FD7A39622DE2FE10068B095 /* Base */,
			);
			name = LaunchScreen.storyboard;
			sourceTree = "<group>";
		};
/* End PBXVariantGroup section */

/* Begin XCBuildConfiguration section */
		1FD7A39922DE2FE10068B095 /* Debug */ = {
			isa = XCBuildConfiguration;
			buildSettings = {
				ALWAYS_SEARCH_USER_PATHS = NO;
				CLANG_ANALYZER_NONNULL = YES;
				CLANG_ANALYZER_NUMBER_OBJECT_CONVERSION = YES_AGGRESSIVE;
				CLANG_CXX_LANGUAGE_STANDARD = "gnu++14";
				CLANG_CXX_LIBRARY = "libc++";
				CLANG_ENABLE_MODULES = YES;
				CLANG_ENABLE_OBJC_ARC = YES;
				CLANG_ENABLE_OBJC_WEAK = YES;
				CLANG_WARN_BLOCK_CAPTURE_AUTORELEASING = YES;
				CLANG_WARN_BOOL_CONVERSION = YES;
				CLANG_WARN_COMMA = YES;
				CLANG_WARN_CONSTANT_CONVERSION = YES;
				CLANG_WARN_DEPRECATED_OBJC_IMPLEMENTATIONS = YES;
				CLANG_WARN_DIRECT_OBJC_ISA_USAGE = YES_ERROR;
				CLANG_WARN_DOCUMENTATION_COMMENTS = YES;
				CLANG_WARN_EMPTY_BODY = YES;
				CLANG_WARN_ENUM_CONVERSION = YES;
				CLANG_WARN_INFINITE_RECURSION = YES;
				CLANG_WARN_INT_CONVERSION = YES;
				CLANG_WARN_NON_LITERAL_NULL_CONVERSION = YES;
				CLANG_WARN_OBJC_IMPLICIT_RETAIN_SELF = YES;
				CLANG_WARN_OBJC_LITERAL_CONVERSION = YES;
				CLANG_WARN_OBJC_ROOT_CLASS = YES_ERROR;
				CLANG_WARN_RANGE_LOOP_ANALYSIS = YES;
				CLANG_WARN_STRICT_PROTOTYPES = YES;
				CLANG_WARN_SUSPICIOUS_MOVE = YES;
				CLANG_WARN_UNGUARDED_AVAILABILITY = YES_AGGRESSIVE;
				CLANG_WARN_UNREACHABLE_CODE = YES;
				CLANG_WARN__DUPLICATE_METHOD_MATCH = YES;
				COPY_PHASE_STRIP = NO;
				DEBUG_INFORMATION_FORMAT = dwarf;
				ENABLE_STRICT_OBJC_MSGSEND = YES;
				ENABLE_TESTABILITY = YES;
				GCC_C_LANGUAGE_STANDARD = gnu11;
				GCC_DYNAMIC_NO_PIC = NO;
				GCC_NO_COMMON_BLOCKS = YES;
				GCC_OPTIMIZATION_LEVEL = 0;
				GCC_PREPROCESSOR_DEFINITIONS = (
					"DEBUG=1",
					"$(inherited)",
				);
				GCC_WARN_64_TO_32_BIT_CONVERSION = YES;
				GCC_WARN_ABOUT_RETURN_TYPE = YES_ERROR;
				GCC_WARN_UNDECLARED_SELECTOR = YES;
				GCC_WARN_UNINITIALIZED_AUTOS = YES_AGGRESSIVE;
				GCC_WARN_UNUSED_FUNCTION = YES;
				GCC_WARN_UNUSED_VARIABLE = YES;
				IPHONEOS_DEPLOYMENT_TARGET = 13.0;
				MTL_ENABLE_DEBUG_INFO = INCLUDE_SOURCE;
				MTL_FAST_MATH = YES;
				ONLY_ACTIVE_ARCH = YES;
				SDKROOT = iphoneos;
				SWIFT_ACTIVE_COMPILATION_CONDITIONS = DEBUG;
				SWIFT_OPTIMIZATION_LEVEL = "-Onone";
			};
			name = Debug;
		};
		1FD7A39A22DE2FE10068B095 /* Release */ = {
			isa = XCBuildConfiguration;
			buildSettings = {
				ALWAYS_SEARCH_USER_PATHS = NO;
				CLANG_ANALYZER_NONNULL = YES;
				CLANG_ANALYZER_NUMBER_OBJECT_CONVERSION = YES_AGGRESSIVE;
				CLANG_CXX_LANGUAGE_STANDARD = "gnu++14";
				CLANG_CXX_LIBRARY = "libc++";
				CLANG_ENABLE_MODULES = YES;
				CLANG_ENABLE_OBJC_ARC = YES;
				CLANG_ENABLE_OBJC_WEAK = YES;
				CLANG_WARN_BLOCK_CAPTURE_AUTORELEASING = YES;
				CLANG_WARN_BOOL_CONVERSION = YES;
				CLANG_WARN_COMMA = YES;
				CLANG_WARN_CONSTANT_CONVERSION = YES;
				CLANG_WARN_DEPRECATED_OBJC_IMPLEMENTATIONS = YES;
				CLANG_WARN_DIRECT_OBJC_ISA_USAGE = YES_ERROR;
				CLANG_WARN_DOCUMENTATION_COMMENTS = YES;
				CLANG_WARN_EMPTY_BODY = YES;
				CLANG_WARN_ENUM_CONVERSION = YES;
				CLANG_WARN_INFINITE_RECURSION = YES;
				CLANG_WARN_INT_CONVERSION = YES;
				CLANG_WARN_NON_LITERAL_NULL_CONVERSION = YES;
				CLANG_WARN_OBJC_IMPLICIT_RETAIN_SELF = YES;
				CLANG_WARN_OBJC_LITERAL_CONVERSION = YES;
				CLANG_WARN_OBJC_ROOT_CLASS = YES_ERROR;
				CLANG_WARN_RANGE_LOOP_ANALYSIS = YES;
				CLANG_WARN_STRICT_PROTOTYPES = YES;
				CLANG_WARN_SUSPICIOUS_MOVE = YES;
				CLANG_WARN_UNGUARDED_AVAILABILITY = YES_AGGRESSIVE;
				CLANG_WARN_UNREACHABLE_CODE = YES;
				CLANG_WARN__DUPLICATE_METHOD_MATCH = YES;
				COPY_PHASE_STRIP = NO;
				DEBUG_INFORMATION_FORMAT = "dwarf-with-dsym";
				ENABLE_NS_ASSERTIONS = NO;
				ENABLE_STRICT_OBJC_MSGSEND = YES;
				GCC_C_LANGUAGE_STANDARD = gnu11;
				GCC_NO_COMMON_BLOCKS = YES;
				GCC_WARN_64_TO_32_BIT_CONVERSION = YES;
				GCC_WARN_ABOUT_RETURN_TYPE = YES_ERROR;
				GCC_WARN_UNDECLARED_SELECTOR = YES;
				GCC_WARN_UNINITIALIZED_AUTOS = YES_AGGRESSIVE;
				GCC_WARN_UNUSED_FUNCTION = YES;
				GCC_WARN_UNUSED_VARIABLE = YES;
				IPHONEOS_DEPLOYMENT_TARGET = 13.0;
				MTL_ENABLE_DEBUG_INFO = NO;
				MTL_FAST_MATH = YES;
				SDKROOT = iphoneos;
				SWIFT_COMPILATION_MODE = wholemodule;
				SWIFT_OPTIMIZATION_LEVEL = "-O";
				VALIDATE_PRODUCT = YES;
			};
			name = Release;
		};
		1FD7A39C22DE2FE10068B095 /* Debug */ = {
			isa = XCBuildConfiguration;
			buildSettings = {
				ASSETCATALOG_COMPILER_APPICON_NAME = AppIcon;
				CODE_SIGN_STYLE = Automatic;
				DEVELOPMENT_ASSET_PATHS = "EmployeeScheduleRequest/Preview\\ Content";
				DEVELOPMENT_TEAM = CX49YJUR75;
				ENABLE_PREVIEWS = YES;
				INFOPLIST_FILE = EmployeeScheduleRequest/Info.plist;
				LD_RUNPATH_SEARCH_PATHS = (
					"$(inherited)",
					"@executable_path/Frameworks",
				);
				PRODUCT_BUNDLE_IDENTIFIER = com.JefferyElton.EmployeeScheduleRequest;
				PRODUCT_NAME = "$(TARGET_NAME)";
				SWIFT_VERSION = 5.0;
				TARGETED_DEVICE_FAMILY = "1,2";
			};
			name = Debug;
		};
		1FD7A39D22DE2FE10068B095 /* Release */ = {
			isa = XCBuildConfiguration;
			buildSettings = {
				ASSETCATALOG_COMPILER_APPICON_NAME = AppIcon;
				CODE_SIGN_STYLE = Automatic;
				DEVELOPMENT_ASSET_PATHS = "EmployeeScheduleRequest/Preview\\ Content";
				DEVELOPMENT_TEAM = CX49YJUR75;
				ENABLE_PREVIEWS = YES;
				INFOPLIST_FILE = EmployeeScheduleRequest/Info.plist;
				LD_RUNPATH_SEARCH_PATHS = (
					"$(inherited)",
					"@executable_path/Frameworks",
				);
				PRODUCT_BUNDLE_IDENTIFIER = com.JefferyElton.EmployeeScheduleRequest;
				PRODUCT_NAME = "$(TARGET_NAME)";
				SWIFT_VERSION = 5.0;
				TARGETED_DEVICE_FAMILY = "1,2";
			};
			name = Release;
		};
/* End XCBuildConfiguration section */

/* Begin XCConfigurationList section */
		1FD7A38222DE2FDA0068B095 /* Build configuration list for PBXProject "EmployeeScheduleRequest" */ = {
			isa = XCConfigurationList;
			buildConfigurations = (
				1FD7A39922DE2FE10068B095 /* Debug */,
				1FD7A39A22DE2FE10068B095 /* Release */,
			);
			defaultConfigurationIsVisible = 0;
			defaultConfigurationName = Release;
		};
		1FD7A39B22DE2FE10068B095 /* Build configuration list for PBXNativeTarget "EmployeeScheduleRequest" */ = {
			isa = XCConfigurationList;
			buildConfigurations = (
				1FD7A39C22DE2FE10068B095 /* Debug */,
				1FD7A39D22DE2FE10068B095 /* Release */,
			);
			defaultConfigurationIsVisible = 0;
			defaultConfigurationName = Release;
		};
/* End XCConfigurationList section */
	};
	rootObject = 1FD7A37F22DE2FDA0068B095 /* Project object */;
}
